{
  "name": "gridfield-calendar-view",
  "version": "1.0.0",
  "lockfileVersion": 3,
  "requires": true,
  "packages": {
    "": {
      "name": "gridfield-calendar-view",
      "version": "1.0.0",
      "hasInstallScript": true,
      "license": "BSD-3-Clause",
      "dependencies": {
        "@fullcalendar/moment": "^6.1.9",
        "fullcalendar": "^6.1.9"
      }
    },
    "node_modules/@fullcalendar/core": {
      "version": "6.1.11",
      "resolved": "https://registry.npmjs.org/@fullcalendar/core/-/core-6.1.11.tgz",
      "integrity": "sha512-TjG7c8sUz+Vkui2FyCNJ+xqyu0nq653Ibe99A66LoW95oBo6tVhhKIaG1Wh0GVKymYiqAQN/OEdYTuj4ay27kA==",
      "dependencies": {
        "preact": "~10.12.1"
      }
    },
    "node_modules/@fullcalendar/daygrid": {
      "version": "6.1.11",
      "resolved": "https://registry.npmjs.org/@fullcalendar/daygrid/-/daygrid-6.1.11.tgz",
      "integrity": "sha512-hF5jJB7cgUIxWD5MVjj8IU407HISyLu7BWXcEIuTytkfr8oolOXeCazqnnjmRbnFOncoJQVstTtq6SIhaT32Xg==",
      "peerDependencies": {
        "@fullcalendar/core": "~6.1.11"
      }
    },
    "node_modules/@fullcalendar/interaction": {
      "version": "6.1.11",
      "resolved": "https://registry.npmjs.org/@fullcalendar/interaction/-/interaction-6.1.11.tgz",
      "integrity": "sha512-ynOKjzuPwEAMgTQ6R/Z2zvzIIqG4p8/Qmnhi1q0vzPZZxSIYx3rlZuvpEK2WGBZZ1XEafDOP/LGfbWoNZe+qdg==",
      "peerDependencies": {
        "@fullcalendar/core": "~6.1.11"
      }
    },
    "node_modules/@fullcalendar/list": {
      "version": "6.1.11",
      "resolved": "https://registry.npmjs.org/@fullcalendar/list/-/list-6.1.11.tgz",
      "integrity": "sha512-9Qx8uvik9pXD12u50FiHwNzlHv4wkhfsr+r03ycahW7vEeIAKCsIZGTkUfFP+96I5wHihrfLazu1cFQG4MPiuw==",
      "peerDependencies": {
        "@fullcalendar/core": "~6.1.11"
      }
    },
    "node_modules/@fullcalendar/moment": {
      "version": "6.1.11",
      "resolved": "https://registry.npmjs.org/@fullcalendar/moment/-/moment-6.1.11.tgz",
      "integrity": "sha512-hBZtrP1C1IPrmEg26pY7Gdlp6iyKF8WekVnXkZ4esL9ZwpmFDdrt1ATWzE+21/qycE5h+/hWIzaoPnag+qUKrQ==",
      "peerDependencies": {
        "@fullcalendar/core": "~6.1.11",
        "moment": "^2.29.1"
      }
    },
    "node_modules/@fullcalendar/multimonth": {
      "version": "6.1.11",
      "resolved": "https://registry.npmjs.org/@fullcalendar/multimonth/-/multimonth-6.1.11.tgz",
      "integrity": "sha512-7DbPC+AAlaKnquGVdw1Z85Q3nSZ4GZ1NcVIk4k7bLnqDlntwHPPsrDlSIzUWKcN0q5/u7jQHm4PU1m3LAl70Sg==",
      "dependencies": {
        "@fullcalendar/daygrid": "~6.1.11"
      },
      "peerDependencies": {
        "@fullcalendar/core": "~6.1.11"
      }
    },
    "node_modules/@fullcalendar/timegrid": {
      "version": "6.1.11",
      "resolved": "https://registry.npmjs.org/@fullcalendar/timegrid/-/timegrid-6.1.11.tgz",
      "integrity": "sha512-0seUHK/ferH89IeuCvV4Bib0zWjgK0nsptNdmAc9wDBxD/d9hm5Mdti0URJX6bDoRtsSfRDu5XsRcrzwoc+AUQ==",
      "dependencies": {
        "@fullcalendar/daygrid": "~6.1.11"
      },
      "peerDependencies": {
        "@fullcalendar/core": "~6.1.11"
      }
    },
    "node_modules/fullcalendar": {
      "version": "6.1.11",
      "resolved": "https://registry.npmjs.org/fullcalendar/-/fullcalendar-6.1.11.tgz",
      "integrity": "sha512-OOlx/+yFn9k5LnucRzcDmShONBecOVKNN6HHWe8jl7hGzQBmkxO+iD6eBokO6p24EY1PjATqhZkhJqHiCUgx3A==",
      "dependencies": {
        "@fullcalendar/core": "~6.1.11",
        "@fullcalendar/daygrid": "~6.1.11",
        "@fullcalendar/interaction": "~6.1.11",
        "@fullcalendar/list": "~6.1.11",
        "@fullcalendar/multimonth": "~6.1.11",
        "@fullcalendar/timegrid": "~6.1.11"
      }
    },
    "node_modules/moment": {
      "version": "2.30.1",
      "resolved": "https://registry.npmjs.org/moment/-/moment-2.30.1.tgz",
      "integrity": "sha512-uEmtNhbDOrWPFS+hdjFCBfy9f2YoyzRpwcl+DqpC6taX21FzsTLQVbMV/W7PzNSX6x/bhC1zA3c2UQ5NzH6how==",
      "peer": true,
      "engines": {
        "node": "*"
      }
    },
    "node_modules/preact": {
      "version": "10.12.1",
      "resolved": "https://registry.npmjs.org/preact/-/preact-10.12.1.tgz",
      "integrity": "sha512-l8386ixSsBdbreOAkqtrwqHwdvR35ID8c3rKPa8lCWuO86dBi32QWHV4vfsZK1utLLFMvw+Z5Ad4XLkZzchscg==",
      "funding": {
        "type": "opencollective",
        "url": "https://opencollective.com/preact"
      }
    }
  }
}
